# THIS IS AN AUTOGENERATED FILE. DO NOT EDIT THIS FILE DIRECTLY.
# yarn lockfile v1


"@types/node@^10.9.4":
  version "10.9.4"
  resolved "https://registry.yarnpkg.com/@types/node/-/node-10.9.4.tgz#0f4cb2dc7c1de6096055357f70179043c33e9897"

mime@^2.3.1:
  version "2.3.1"
  resolved "https://registry.yarnpkg.com/mime/-/mime-2.3.1.tgz#b1621c54d63b97c47d3cfe7f7215f7d64517c369"

"ts-in-js-1@https://github.com/joma74/ts-in-js-1.git":
  version "1.0.0"
  resolved "https://github.com/joma74/ts-in-js-1.git#884b05cd93e00cada4b598b0a76bdb32a6974c18"
  dependencies:
    mime "^2.3.1"
    typescript "^3.1.0-dev.20180906"

typescript@^3.1.0-dev.20180906:
  version "3.1.0-dev.20180907"
  resolved "https://registry.yarnpkg.com/typescript/-/typescript-3.1.0-dev.20180907.tgz#3a56e9934287224e8dd8d1d0329f5bb65d652436"
